{
  "version": "4",
  "specifiers": {
    "jsr:@supabase/supabase-js@2": "2.46.2"
  },
  "jsr": {
    "@supabase/supabase-js@2.46.2": {
      "integrity": "4fddd5db4bd8f3d1a3e84321e5cbfa60e3bc87ec618e01d06a626757c21fcc3b"
    }
  },
  "redirects": {
    "https://esm.sh/@supabase/functions-js/src/edge-runtime.d.ts": "https://esm.sh/@supabase/functions-js@2.4.3/src/edge-runtime.d.ts",
    "https://esm.sh/@supabase/functions-js@2.4.3/src/edge-runtime.d.ts": "https://esm.sh/v135/@supabase/functions-js@2.4.3/src/edge-runtime.d.ts"
  },
  "remote": {
    "https://esm.sh/v135/zod@3.21.4/denonext/zod.mjs": "3e104633fb5d127189f1a38f52f5620a21ec8988d639b5adcf5a65be1cbbcc62",
    "https://esm.sh/zod@3.21.4": "dc4f42ed520b2e45b3463eaf7952c26b20cb315921c826c67eb55d9ec1898a08"
  }
}
